// !$*UTF8*$!
{
	archiveVersion = 1;
	classes = {
	};
	objectVersion = 50;
	objects = {

/* Begin PBXBuildFile section */
		367CB762264E933B00ADFC79 /* GridStepResult.swift in Sources */ = {isa = PBXBuildFile; fileRef = 367CB760264E933B00ADFC79 /* GridStepResult.swift */; };
		367CB763264E933B00ADFC79 /* GridStepItem.swift in Sources */ = {isa = PBXBuildFile; fileRef = 367CB761264E933B00ADFC79 /* GridStepItem.swift */; };
		367CB765264E93DF00ADFC79 /* MWNetworkGridStepViewController.swift in Sources */ = {isa = PBXBuildFile; fileRef = 367CB764264E93DF00ADFC79 /* MWNetworkGridStepViewController.swift */; };
		367CB767264E944400ADFC79 /* MWGridStepViewController.swift in Sources */ = {isa = PBXBuildFile; fileRef = 367CB766264E944400ADFC79 /* MWGridStepViewController.swift */; };
		36838691281048C400E1959C /* MWContentDisplayPluginStruct.swift in Sources */ = {isa = PBXBuildFile; fileRef = 36838690281048C400E1959C /* MWContentDisplayPluginStruct.swift */; };
		369E9FBF2823DFE0000CDAAC /* MWStackContentScrollView.swift in Sources */ = {isa = PBXBuildFile; fileRef = 369E9FBE2823DFE0000CDAAC /* MWStackContentScrollView.swift */; };
		369E9FC12823E169000CDAAC /* MWStackHeaderImageView.swift in Sources */ = {isa = PBXBuildFile; fileRef = 369E9FC02823E169000CDAAC /* MWStackHeaderImageView.swift */; };
		36C18243256BDE0D0044A74B /* MWNetworkGridStep.swift in Sources */ = {isa = PBXBuildFile; fileRef = 36C18242256BDE0D0044A74B /* MWNetworkGridStep.swift */; };
		36F056812823DA5C00C2E6F8 /* MWButtonView.swift in Sources */ = {isa = PBXBuildFile; fileRef = 36F0567C2823DA5B00C2E6F8 /* MWButtonView.swift */; };
		36F056822823DA5C00C2E6F8 /* MWTitleView.swift in Sources */ = {isa = PBXBuildFile; fileRef = 36F0567D2823DA5B00C2E6F8 /* MWTitleView.swift */; };
		36F056832823DA5C00C2E6F8 /* MWListItemView.swift in Sources */ = {isa = PBXBuildFile; fileRef = 36F0567E2823DA5B00C2E6F8 /* MWListItemView.swift */; };
		36F056842823DA5C00C2E6F8 /* MWTextView.swift in Sources */ = {isa = PBXBuildFile; fileRef = 36F0567F2823DA5B00C2E6F8 /* MWTextView.swift */; };
		36F056852823DA5C00C2E6F8 /* MWSpaceView.swift in Sources */ = {isa = PBXBuildFile; fileRef = 36F056802823DA5B00C2E6F8 /* MWSpaceView.swift */; };
		62003DE125629BDE003BC820 /* MWSimpleCollectionSectionHeader.swift in Sources */ = {isa = PBXBuildFile; fileRef = 62003DD925629BDD003BC820 /* MWSimpleCollectionSectionHeader.swift */; };
		62003DE325629BDE003BC820 /* MWImageCollectionViewCell.swift in Sources */ = {isa = PBXBuildFile; fileRef = 62003DDB25629BDD003BC820 /* MWImageCollectionViewCell.swift */; };
		62003DE525629BDE003BC820 /* MWGridStep.swift in Sources */ = {isa = PBXBuildFile; fileRef = 62003DDD25629BDD003BC820 /* MWGridStep.swift */; };
		628EC3A6255E9F7B00CD1992 /* MWContentDisplayPlugin.framework in Frameworks */ = {isa = PBXBuildFile; fileRef = 628EC39C255E9F7A00CD1992 /* MWContentDisplayPlugin.framework */; };
		628EC3AB255E9F7B00CD1992 /* MWVideoGridPluginTests.swift in Sources */ = {isa = PBXBuildFile; fileRef = 628EC3AA255E9F7B00CD1992 /* MWVideoGridPluginTests.swift */; };
		628EC3AD255E9F7B00CD1992 /* MWContentDisplayPlugin.h in Headers */ = {isa = PBXBuildFile; fileRef = 628EC39F255E9F7A00CD1992 /* MWContentDisplayPlugin.h */; settings = {ATTRIBUTES = (Public, ); }; };
		ADE0F1172681CFE9000D6E9D /* CloseButton.swift in Sources */ = {isa = PBXBuildFile; fileRef = ADE0F1162681CFE9000D6E9D /* CloseButton.swift */; };
		ADE2FB0326EA1B0400468D1F /* MWContentDisplayStackViewController.swift in Sources */ = {isa = PBXBuildFile; fileRef = ADE2FB0126EA1B0400468D1F /* MWContentDisplayStackViewController.swift */; };
		ADE2FB0426EA1B0400468D1F /* MWContentDisplayStackStep.swift in Sources */ = {isa = PBXBuildFile; fileRef = ADE2FB0226EA1B0400468D1F /* MWContentDisplayStackStep.swift */; };
		ADE2FB0726EA1B1800468D1F /* MWNetworkContentDisplayStackStep.swift in Sources */ = {isa = PBXBuildFile; fileRef = ADE2FB0526EA1B1800468D1F /* MWNetworkContentDisplayStackStep.swift */; };
		ADE2FB0826EA1B1800468D1F /* MWNetworkContentDisplayStackViewController.swift in Sources */ = {isa = PBXBuildFile; fileRef = ADE2FB0626EA1B1800468D1F /* MWNetworkContentDisplayStackViewController.swift */; };
		ADFCCB52268B748400C77FF5 /* MWButtonStyle.swift in Sources */ = {isa = PBXBuildFile; fileRef = ADFCCB51268B748400C77FF5 /* MWButtonStyle.swift */; };
		B10F833A261F569D005BAEC3 /* MWStackStepContents.swift in Sources */ = {isa = PBXBuildFile; fileRef = B10F8339261F569D005BAEC3 /* MWStackStepContents.swift */; };
		B10F833E261F574D005BAEC3 /* MWStackView.swift in Sources */ = {isa = PBXBuildFile; fileRef = B10F833D261F574D005BAEC3 /* MWStackView.swift */; };
		B1E2542F263848400084A44D /* FancyScrollView.swift in Sources */ = {isa = PBXBuildFile; fileRef = B1E25425263848400084A44D /* FancyScrollView.swift */; };
		B1E25430263848400084A44D /* ScrollDownHeaderBehavior.swift in Sources */ = {isa = PBXBuildFile; fileRef = B1E25426263848400084A44D /* ScrollDownHeaderBehavior.swift */; };
		B1E25431263848400084A44D /* BlurView.swift in Sources */ = {isa = PBXBuildFile; fileRef = B1E25427263848400084A44D /* BlurView.swift */; };
		B1E25432263848400084A44D /* BackButton.swift in Sources */ = {isa = PBXBuildFile; fileRef = B1E25428263848400084A44D /* BackButton.swift */; };
		B1E25433263848400084A44D /* View+hideNavigationBarWithoutLosingSwipeBack.swift in Sources */ = {isa = PBXBuildFile; fileRef = B1E25429263848400084A44D /* View+hideNavigationBarWithoutLosingSwipeBack.swift */; };
		B1E25434263848400084A44D /* HeaderScrollView.swift in Sources */ = {isa = PBXBuildFile; fileRef = B1E2542A263848400084A44D /* HeaderScrollView.swift */; };
		B1E25435263848400084A44D /* AppleMusicStyleScrollView.swift in Sources */ = {isa = PBXBuildFile; fileRef = B1E2542B263848400084A44D /* AppleMusicStyleScrollView.swift */; };
		B1E25436263848400084A44D /* HeaderScrollViewTitle.swift in Sources */ = {isa = PBXBuildFile; fileRef = B1E2542C263848400084A44D /* HeaderScrollViewTitle.swift */; };
		B1E25437263848400084A44D /* ScrollUpHeaderBehavior.swift in Sources */ = {isa = PBXBuildFile; fileRef = B1E2542D263848400084A44D /* ScrollUpHeaderBehavior.swift */; };
		B1E25438263848400084A44D /* View+navigationAllowSpipeBackWhenHidden.swift in Sources */ = {isa = PBXBuildFile; fileRef = B1E2542E263848400084A44D /* View+navigationAllowSpipeBackWhenHidden.swift */; };
		C819277BF5CA3BC1E734F9E1 /* Pods_MobileWorkflowContentDisplay_MWContentDisplayPlugin.framework in Frameworks */ = {isa = PBXBuildFile; fileRef = BFD69425E2A83C0D79005345 /* Pods_MobileWorkflowContentDisplay_MWContentDisplayPlugin.framework */; };
		CBD85AE42EEDF7025A9AD978 /* Pods_MWContentDisplayPluginTests.framework in Frameworks */ = {isa = PBXBuildFile; fileRef = 8A600D4D57ADA58E1BC5B629 /* Pods_MWContentDisplayPluginTests.framework */; };
/* End PBXBuildFile section */

/* Begin PBXContainerItemProxy section */
		628EC3A7255E9F7B00CD1992 /* PBXContainerItemProxy */ = {
			isa = PBXContainerItemProxy;
			containerPortal = 628EC393255E9F7A00CD1992 /* Project object */;
			proxyType = 1;
			remoteGlobalIDString = 628EC39B255E9F7A00CD1992;
			remoteInfo = MWVideoGridPlugin;
		};
/* End PBXContainerItemProxy section */

/* Begin PBXFileReference section */
		185C23C35E70FFCF2AD272BF /* Pods-MWVideoGridPluginTests.release.xcconfig */ = {isa = PBXFileReference; includeInIndex = 1; lastKnownFileType = text.xcconfig; name = "Pods-MWVideoGridPluginTests.release.xcconfig"; path = "Target Support Files/Pods-MWVideoGridPluginTests/Pods-MWVideoGridPluginTests.release.xcconfig"; sourceTree = "<group>"; };
		367CB760264E933B00ADFC79 /* GridStepResult.swift */ = {isa = PBXFileReference; fileEncoding = 4; lastKnownFileType = sourcecode.swift; path = GridStepResult.swift; sourceTree = "<group>"; };
		367CB761264E933B00ADFC79 /* GridStepItem.swift */ = {isa = PBXFileReference; fileEncoding = 4; lastKnownFileType = sourcecode.swift; path = GridStepItem.swift; sourceTree = "<group>"; };
		367CB764264E93DF00ADFC79 /* MWNetworkGridStepViewController.swift */ = {isa = PBXFileReference; fileEncoding = 4; lastKnownFileType = sourcecode.swift; path = MWNetworkGridStepViewController.swift; sourceTree = "<group>"; };
		367CB766264E944400ADFC79 /* MWGridStepViewController.swift */ = {isa = PBXFileReference; fileEncoding = 4; lastKnownFileType = sourcecode.swift; path = MWGridStepViewController.swift; sourceTree = "<group>"; };
		36838690281048C400E1959C /* MWContentDisplayPluginStruct.swift */ = {isa = PBXFileReference; fileEncoding = 4; lastKnownFileType = sourcecode.swift; path = MWContentDisplayPluginStruct.swift; sourceTree = "<group>"; };
		369E9FBE2823DFE0000CDAAC /* MWStackContentScrollView.swift */ = {isa = PBXFileReference; lastKnownFileType = sourcecode.swift; path = MWStackContentScrollView.swift; sourceTree = "<group>"; };
		369E9FC02823E169000CDAAC /* MWStackHeaderImageView.swift */ = {isa = PBXFileReference; lastKnownFileType = sourcecode.swift; path = MWStackHeaderImageView.swift; sourceTree = "<group>"; };
		36C18242256BDE0D0044A74B /* MWNetworkGridStep.swift */ = {isa = PBXFileReference; lastKnownFileType = sourcecode.swift; path = MWNetworkGridStep.swift; sourceTree = "<group>"; };
		36F0567C2823DA5B00C2E6F8 /* MWButtonView.swift */ = {isa = PBXFileReference; fileEncoding = 4; lastKnownFileType = sourcecode.swift; path = MWButtonView.swift; sourceTree = "<group>"; };
		36F0567D2823DA5B00C2E6F8 /* MWTitleView.swift */ = {isa = PBXFileReference; fileEncoding = 4; lastKnownFileType = sourcecode.swift; path = MWTitleView.swift; sourceTree = "<group>"; };
		36F0567E2823DA5B00C2E6F8 /* MWListItemView.swift */ = {isa = PBXFileReference; fileEncoding = 4; lastKnownFileType = sourcecode.swift; path = MWListItemView.swift; sourceTree = "<group>"; };
		36F0567F2823DA5B00C2E6F8 /* MWTextView.swift */ = {isa = PBXFileReference; fileEncoding = 4; lastKnownFileType = sourcecode.swift; path = MWTextView.swift; sourceTree = "<group>"; };
		36F056802823DA5B00C2E6F8 /* MWSpaceView.swift */ = {isa = PBXFileReference; fileEncoding = 4; lastKnownFileType = sourcecode.swift; path = MWSpaceView.swift; sourceTree = "<group>"; };
		40D7DC85E1FBA0F6EB98F438 /* Pods-MobileWorkflowVideoGrid-MWContentDisplayPlugin.release.xcconfig */ = {isa = PBXFileReference; includeInIndex = 1; lastKnownFileType = text.xcconfig; name = "Pods-MobileWorkflowVideoGrid-MWContentDisplayPlugin.release.xcconfig"; path = "Target Support Files/Pods-MobileWorkflowVideoGrid-MWContentDisplayPlugin/Pods-MobileWorkflowVideoGrid-MWContentDisplayPlugin.release.xcconfig"; sourceTree = "<group>"; };
		62003DD925629BDD003BC820 /* MWSimpleCollectionSectionHeader.swift */ = {isa = PBXFileReference; fileEncoding = 4; lastKnownFileType = sourcecode.swift; path = MWSimpleCollectionSectionHeader.swift; sourceTree = "<group>"; };
		62003DDB25629BDD003BC820 /* MWImageCollectionViewCell.swift */ = {isa = PBXFileReference; fileEncoding = 4; lastKnownFileType = sourcecode.swift; path = MWImageCollectionViewCell.swift; sourceTree = "<group>"; };
		62003DDD25629BDD003BC820 /* MWGridStep.swift */ = {isa = PBXFileReference; fileEncoding = 4; lastKnownFileType = sourcecode.swift; path = MWGridStep.swift; sourceTree = "<group>"; };
		628EC39C255E9F7A00CD1992 /* MWContentDisplayPlugin.framework */ = {isa = PBXFileReference; explicitFileType = wrapper.framework; includeInIndex = 0; path = MWContentDisplayPlugin.framework; sourceTree = BUILT_PRODUCTS_DIR; };
		628EC39F255E9F7A00CD1992 /* MWContentDisplayPlugin.h */ = {isa = PBXFileReference; lastKnownFileType = sourcecode.c.h; path = MWContentDisplayPlugin.h; sourceTree = "<group>"; };
		628EC3A0255E9F7A00CD1992 /* Info.plist */ = {isa = PBXFileReference; lastKnownFileType = text.plist.xml; path = Info.plist; sourceTree = "<group>"; };
		628EC3A5255E9F7B00CD1992 /* MWContentDisplayPluginTests.xctest */ = {isa = PBXFileReference; explicitFileType = wrapper.cfbundle; includeInIndex = 0; path = MWContentDisplayPluginTests.xctest; sourceTree = BUILT_PRODUCTS_DIR; };
		628EC3AA255E9F7B00CD1992 /* MWVideoGridPluginTests.swift */ = {isa = PBXFileReference; lastKnownFileType = sourcecode.swift; path = MWVideoGridPluginTests.swift; sourceTree = "<group>"; };
		628EC3AC255E9F7B00CD1992 /* Info.plist */ = {isa = PBXFileReference; lastKnownFileType = text.plist.xml; path = Info.plist; sourceTree = "<group>"; };
		8A600D4D57ADA58E1BC5B629 /* Pods_MWContentDisplayPluginTests.framework */ = {isa = PBXFileReference; explicitFileType = wrapper.framework; includeInIndex = 0; path = Pods_MWContentDisplayPluginTests.framework; sourceTree = BUILT_PRODUCTS_DIR; };
		980A44E52379947BB8387DB1 /* Pods-MWVideoGridPluginTests.debug.xcconfig */ = {isa = PBXFileReference; includeInIndex = 1; lastKnownFileType = text.xcconfig; name = "Pods-MWVideoGridPluginTests.debug.xcconfig"; path = "Target Support Files/Pods-MWVideoGridPluginTests/Pods-MWVideoGridPluginTests.debug.xcconfig"; sourceTree = "<group>"; };
		ADE0F1162681CFE9000D6E9D /* CloseButton.swift */ = {isa = PBXFileReference; lastKnownFileType = sourcecode.swift; path = CloseButton.swift; sourceTree = "<group>"; };
		ADE2FB0126EA1B0400468D1F /* MWContentDisplayStackViewController.swift */ = {isa = PBXFileReference; fileEncoding = 4; lastKnownFileType = sourcecode.swift; path = MWContentDisplayStackViewController.swift; sourceTree = "<group>"; };
		ADE2FB0226EA1B0400468D1F /* MWContentDisplayStackStep.swift */ = {isa = PBXFileReference; fileEncoding = 4; lastKnownFileType = sourcecode.swift; path = MWContentDisplayStackStep.swift; sourceTree = "<group>"; };
		ADE2FB0526EA1B1800468D1F /* MWNetworkContentDisplayStackStep.swift */ = {isa = PBXFileReference; fileEncoding = 4; lastKnownFileType = sourcecode.swift; path = MWNetworkContentDisplayStackStep.swift; sourceTree = "<group>"; };
		ADE2FB0626EA1B1800468D1F /* MWNetworkContentDisplayStackViewController.swift */ = {isa = PBXFileReference; fileEncoding = 4; lastKnownFileType = sourcecode.swift; path = MWNetworkContentDisplayStackViewController.swift; sourceTree = "<group>"; };
		ADFCCB51268B748400C77FF5 /* MWButtonStyle.swift */ = {isa = PBXFileReference; lastKnownFileType = sourcecode.swift; path = MWButtonStyle.swift; sourceTree = "<group>"; };
		B10F8339261F569D005BAEC3 /* MWStackStepContents.swift */ = {isa = PBXFileReference; lastKnownFileType = sourcecode.swift; path = MWStackStepContents.swift; sourceTree = "<group>"; };
		B10F833D261F574D005BAEC3 /* MWStackView.swift */ = {isa = PBXFileReference; lastKnownFileType = sourcecode.swift; path = MWStackView.swift; sourceTree = "<group>"; };
		B1E25425263848400084A44D /* FancyScrollView.swift */ = {isa = PBXFileReference; fileEncoding = 4; lastKnownFileType = sourcecode.swift; path = FancyScrollView.swift; sourceTree = "<group>"; };
		B1E25426263848400084A44D /* ScrollDownHeaderBehavior.swift */ = {isa = PBXFileReference; fileEncoding = 4; lastKnownFileType = sourcecode.swift; path = ScrollDownHeaderBehavior.swift; sourceTree = "<group>"; };
		B1E25427263848400084A44D /* BlurView.swift */ = {isa = PBXFileReference; fileEncoding = 4; lastKnownFileType = sourcecode.swift; path = BlurView.swift; sourceTree = "<group>"; };
		B1E25428263848400084A44D /* BackButton.swift */ = {isa = PBXFileReference; fileEncoding = 4; lastKnownFileType = sourcecode.swift; path = BackButton.swift; sourceTree = "<group>"; };
		B1E25429263848400084A44D /* View+hideNavigationBarWithoutLosingSwipeBack.swift */ = {isa = PBXFileReference; fileEncoding = 4; lastKnownFileType = sourcecode.swift; path = "View+hideNavigationBarWithoutLosingSwipeBack.swift"; sourceTree = "<group>"; };
		B1E2542A263848400084A44D /* HeaderScrollView.swift */ = {isa = PBXFileReference; fileEncoding = 4; lastKnownFileType = sourcecode.swift; path = HeaderScrollView.swift; sourceTree = "<group>"; };
		B1E2542B263848400084A44D /* AppleMusicStyleScrollView.swift */ = {isa = PBXFileReference; fileEncoding = 4; lastKnownFileType = sourcecode.swift; path = AppleMusicStyleScrollView.swift; sourceTree = "<group>"; };
		B1E2542C263848400084A44D /* HeaderScrollViewTitle.swift */ = {isa = PBXFileReference; fileEncoding = 4; lastKnownFileType = sourcecode.swift; path = HeaderScrollViewTitle.swift; sourceTree = "<group>"; };
		B1E2542D263848400084A44D /* ScrollUpHeaderBehavior.swift */ = {isa = PBXFileReference; fileEncoding = 4; lastKnownFileType = sourcecode.swift; path = ScrollUpHeaderBehavior.swift; sourceTree = "<group>"; };
		B1E2542E263848400084A44D /* View+navigationAllowSpipeBackWhenHidden.swift */ = {isa = PBXFileReference; fileEncoding = 4; lastKnownFileType = sourcecode.swift; path = "View+navigationAllowSpipeBackWhenHidden.swift"; sourceTree = "<group>"; };
		BE3145F6D0AF87E7D3564C64 /* Pods-MobileWorkflowContentDisplay-MWContentDisplayPlugin.debug.xcconfig */ = {isa = PBXFileReference; includeInIndex = 1; lastKnownFileType = text.xcconfig; name = "Pods-MobileWorkflowContentDisplay-MWContentDisplayPlugin.debug.xcconfig"; path = "Target Support Files/Pods-MobileWorkflowContentDisplay-MWContentDisplayPlugin/Pods-MobileWorkflowContentDisplay-MWContentDisplayPlugin.debug.xcconfig"; sourceTree = "<group>"; };
		BF9C2C094C9B53F55607259D /* Pods-MobileWorkflowContentDisplay-MWContentDisplayPlugin.release.xcconfig */ = {isa = PBXFileReference; includeInIndex = 1; lastKnownFileType = text.xcconfig; name = "Pods-MobileWorkflowContentDisplay-MWContentDisplayPlugin.release.xcconfig"; path = "Target Support Files/Pods-MobileWorkflowContentDisplay-MWContentDisplayPlugin/Pods-MobileWorkflowContentDisplay-MWContentDisplayPlugin.release.xcconfig"; sourceTree = "<group>"; };
		BFD69425E2A83C0D79005345 /* Pods_MobileWorkflowContentDisplay_MWContentDisplayPlugin.framework */ = {isa = PBXFileReference; explicitFileType = wrapper.framework; includeInIndex = 0; path = Pods_MobileWorkflowContentDisplay_MWContentDisplayPlugin.framework; sourceTree = BUILT_PRODUCTS_DIR; };
		C04248BFBE06A3F50C905A5E /* Pods-MWContentDisplayPluginTests.debug.xcconfig */ = {isa = PBXFileReference; includeInIndex = 1; lastKnownFileType = text.xcconfig; name = "Pods-MWContentDisplayPluginTests.debug.xcconfig"; path = "Target Support Files/Pods-MWContentDisplayPluginTests/Pods-MWContentDisplayPluginTests.debug.xcconfig"; sourceTree = "<group>"; };
		C71D10543438C1AACD23646C /* Pods-MobileWorkflowVideoGrid-MWVideoGridPlugin.debug.xcconfig */ = {isa = PBXFileReference; includeInIndex = 1; lastKnownFileType = text.xcconfig; name = "Pods-MobileWorkflowVideoGrid-MWVideoGridPlugin.debug.xcconfig"; path = "Target Support Files/Pods-MobileWorkflowVideoGrid-MWVideoGridPlugin/Pods-MobileWorkflowVideoGrid-MWVideoGridPlugin.debug.xcconfig"; sourceTree = "<group>"; };
		D8BAE530258F7B52290CD8FE /* Pods-MobileWorkflowVideoGrid-MWVideoGridPlugin.release.xcconfig */ = {isa = PBXFileReference; includeInIndex = 1; lastKnownFileType = text.xcconfig; name = "Pods-MobileWorkflowVideoGrid-MWVideoGridPlugin.release.xcconfig"; path = "Target Support Files/Pods-MobileWorkflowVideoGrid-MWVideoGridPlugin/Pods-MobileWorkflowVideoGrid-MWVideoGridPlugin.release.xcconfig"; sourceTree = "<group>"; };
		EBA1C3F9D7D53984AB360748 /* Pods-MWContentDisplayPluginTests.release.xcconfig */ = {isa = PBXFileReference; includeInIndex = 1; lastKnownFileType = text.xcconfig; name = "Pods-MWContentDisplayPluginTests.release.xcconfig"; path = "Target Support Files/Pods-MWContentDisplayPluginTests/Pods-MWContentDisplayPluginTests.release.xcconfig"; sourceTree = "<group>"; };
		FCFFEC54A5B514A4CCC6455B /* Pods-MobileWorkflowVideoGrid-MWContentDisplayPlugin.debug.xcconfig */ = {isa = PBXFileReference; includeInIndex = 1; lastKnownFileType = text.xcconfig; name = "Pods-MobileWorkflowVideoGrid-MWContentDisplayPlugin.debug.xcconfig"; path = "Target Support Files/Pods-MobileWorkflowVideoGrid-MWContentDisplayPlugin/Pods-MobileWorkflowVideoGrid-MWContentDisplayPlugin.debug.xcconfig"; sourceTree = "<group>"; };
/* End PBXFileReference section */

/* Begin PBXFrameworksBuildPhase section */
		628EC399255E9F7A00CD1992 /* Frameworks */ = {
			isa = PBXFrameworksBuildPhase;
			buildActionMask = 2147483647;
			files = (
				C819277BF5CA3BC1E734F9E1 /* Pods_MobileWorkflowContentDisplay_MWContentDisplayPlugin.framework in Frameworks */,
			);
			runOnlyForDeploymentPostprocessing = 0;
		};
		628EC3A2255E9F7B00CD1992 /* Frameworks */ = {
			isa = PBXFrameworksBuildPhase;
			buildActionMask = 2147483647;
			files = (
				628EC3A6255E9F7B00CD1992 /* MWContentDisplayPlugin.framework in Frameworks */,
				CBD85AE42EEDF7025A9AD978 /* Pods_MWContentDisplayPluginTests.framework in Frameworks */,
			);
			runOnlyForDeploymentPostprocessing = 0;
		};
/* End PBXFrameworksBuildPhase section */

/* Begin PBXGroup section */
		36F0567B2823DA2900C2E6F8 /* Content */ = {
			isa = PBXGroup;
			children = (
				B10F833D261F574D005BAEC3 /* MWStackView.swift */,
				369E9FC02823E169000CDAAC /* MWStackHeaderImageView.swift */,
				369E9FBE2823DFE0000CDAAC /* MWStackContentScrollView.swift */,
				36F0567C2823DA5B00C2E6F8 /* MWButtonView.swift */,
				36F0567E2823DA5B00C2E6F8 /* MWListItemView.swift */,
				36F056802823DA5B00C2E6F8 /* MWSpaceView.swift */,
				36F0567F2823DA5B00C2E6F8 /* MWTextView.swift */,
				36F0567D2823DA5B00C2E6F8 /* MWTitleView.swift */,
				ADFCCB51268B748400C77FF5 /* MWButtonStyle.swift */,
			);
			path = Content;
			sourceTree = "<group>";
		};
		62003DD825629BDD003BC820 /* Views */ = {
			isa = PBXGroup;
			children = (
				62003DD925629BDD003BC820 /* MWSimpleCollectionSectionHeader.swift */,
				62003DDB25629BDD003BC820 /* MWImageCollectionViewCell.swift */,
			);
			path = Views;
			sourceTree = "<group>";
		};
		628EC392255E9F7A00CD1992 = {
			isa = PBXGroup;
			children = (
				628EC39E255E9F7A00CD1992 /* MWContentDisplayPlugin */,
				628EC3A9255E9F7B00CD1992 /* MWContentDisplayPluginTests */,
				628EC39D255E9F7A00CD1992 /* Products */,
				85F22C63F811567087D74381 /* Pods */,
				B952388A181F1A0DD0FFD4BF /* Frameworks */,
			);
			sourceTree = "<group>";
		};
		628EC39D255E9F7A00CD1992 /* Products */ = {
			isa = PBXGroup;
			children = (
				628EC39C255E9F7A00CD1992 /* MWContentDisplayPlugin.framework */,
				628EC3A5255E9F7B00CD1992 /* MWContentDisplayPluginTests.xctest */,
			);
			name = Products;
			sourceTree = "<group>";
		};
		628EC39E255E9F7A00CD1992 /* MWContentDisplayPlugin */ = {
			isa = PBXGroup;
			children = (
				36838690281048C400E1959C /* MWContentDisplayPluginStruct.swift */,
				62BA560B255EA0530089B034 /* ContentGridStep */,
				B10A69BE261CA27E0096AE0D /* ContentStackStep */,
				628EC39F255E9F7A00CD1992 /* MWContentDisplayPlugin.h */,
				628EC3A0255E9F7A00CD1992 /* Info.plist */,
			);
			path = MWContentDisplayPlugin;
			sourceTree = "<group>";
		};
		628EC3A9255E9F7B00CD1992 /* MWContentDisplayPluginTests */ = {
			isa = PBXGroup;
			children = (
				628EC3AA255E9F7B00CD1992 /* MWVideoGridPluginTests.swift */,
				628EC3AC255E9F7B00CD1992 /* Info.plist */,
			);
			path = MWContentDisplayPluginTests;
			sourceTree = "<group>";
		};
		62BA560B255EA0530089B034 /* ContentGridStep */ = {
			isa = PBXGroup;
			children = (
				B123DC07261DF3020017FC5C /* Local */,
				B123DC08261DF3070017FC5C /* Network */,
				B1ECCF5A261E01AD00D8F903 /* Models */,
				62003DD825629BDD003BC820 /* Views */,
			);
			path = ContentGridStep;
			sourceTree = "<group>";
		};
		85F22C63F811567087D74381 /* Pods */ = {
			isa = PBXGroup;
			children = (
				980A44E52379947BB8387DB1 /* Pods-MWVideoGridPluginTests.debug.xcconfig */,
				185C23C35E70FFCF2AD272BF /* Pods-MWVideoGridPluginTests.release.xcconfig */,
				C71D10543438C1AACD23646C /* Pods-MobileWorkflowVideoGrid-MWVideoGridPlugin.debug.xcconfig */,
				D8BAE530258F7B52290CD8FE /* Pods-MobileWorkflowVideoGrid-MWVideoGridPlugin.release.xcconfig */,
				C04248BFBE06A3F50C905A5E /* Pods-MWContentDisplayPluginTests.debug.xcconfig */,
				EBA1C3F9D7D53984AB360748 /* Pods-MWContentDisplayPluginTests.release.xcconfig */,
				FCFFEC54A5B514A4CCC6455B /* Pods-MobileWorkflowVideoGrid-MWContentDisplayPlugin.debug.xcconfig */,
				40D7DC85E1FBA0F6EB98F438 /* Pods-MobileWorkflowVideoGrid-MWContentDisplayPlugin.release.xcconfig */,
				BE3145F6D0AF87E7D3564C64 /* Pods-MobileWorkflowContentDisplay-MWContentDisplayPlugin.debug.xcconfig */,
				BF9C2C094C9B53F55607259D /* Pods-MobileWorkflowContentDisplay-MWContentDisplayPlugin.release.xcconfig */,
			);
			name = Pods;
			path = ../Pods;
			sourceTree = "<group>";
		};
		B10A69BE261CA27E0096AE0D /* ContentStackStep */ = {
			isa = PBXGroup;
			children = (
				B10F8333261F54BF005BAEC3 /* Local */,
				B10F8336261F54E7005BAEC3 /* Remote */,
				B10F8338261F550F005BAEC3 /* Models */,
				B10F8337261F54FE005BAEC3 /* SwiftUIViews */,
			);
			path = ContentStackStep;
			sourceTree = "<group>";
		};
		B10F8333261F54BF005BAEC3 /* Local */ = {
			isa = PBXGroup;
			children = (
				ADE2FB0226EA1B0400468D1F /* MWContentDisplayStackStep.swift */,
				ADE2FB0126EA1B0400468D1F /* MWContentDisplayStackViewController.swift */,
			);
			path = Local;
			sourceTree = "<group>";
		};
		B10F8336261F54E7005BAEC3 /* Remote */ = {
			isa = PBXGroup;
			children = (
				ADE2FB0526EA1B1800468D1F /* MWNetworkContentDisplayStackStep.swift */,
				ADE2FB0626EA1B1800468D1F /* MWNetworkContentDisplayStackViewController.swift */,
			);
			path = Remote;
			sourceTree = "<group>";
		};
		B10F8337261F54FE005BAEC3 /* SwiftUIViews */ = {
			isa = PBXGroup;
			children = (
				36F0567B2823DA2900C2E6F8 /* Content */,
				B1E25410263847FE0084A44D /* FancyScrollView */,
			);
			path = SwiftUIViews;
			sourceTree = "<group>";
		};
		B10F8338261F550F005BAEC3 /* Models */ = {
			isa = PBXGroup;
			children = (
				B10F8339261F569D005BAEC3 /* MWStackStepContents.swift */,
			);
			path = Models;
			sourceTree = "<group>";
		};
		B123DC07261DF3020017FC5C /* Local */ = {
			isa = PBXGroup;
			children = (
				62003DDD25629BDD003BC820 /* MWGridStep.swift */,
				367CB766264E944400ADFC79 /* MWGridStepViewController.swift */,
			);
			path = Local;
			sourceTree = "<group>";
		};
		B123DC08261DF3070017FC5C /* Network */ = {
			isa = PBXGroup;
			children = (
				36C18242256BDE0D0044A74B /* MWNetworkGridStep.swift */,
				367CB764264E93DF00ADFC79 /* MWNetworkGridStepViewController.swift */,
			);
			path = Network;
			sourceTree = "<group>";
		};
		B1E25410263847FE0084A44D /* FancyScrollView */ = {
			isa = PBXGroup;
			children = (
				B1E25425263848400084A44D /* FancyScrollView.swift */,
				B1E2542A263848400084A44D /* HeaderScrollView.swift */,
				ADE0F1162681CFE9000D6E9D /* CloseButton.swift */,
				B1E2542B263848400084A44D /* AppleMusicStyleScrollView.swift */,
				B1E25428263848400084A44D /* BackButton.swift */,
				B1E2542C263848400084A44D /* HeaderScrollViewTitle.swift */,
				B1E25427263848400084A44D /* BlurView.swift */,
				B1E25426263848400084A44D /* ScrollDownHeaderBehavior.swift */,
				B1E2542D263848400084A44D /* ScrollUpHeaderBehavior.swift */,
				B1E25429263848400084A44D /* View+hideNavigationBarWithoutLosingSwipeBack.swift */,
				B1E2542E263848400084A44D /* View+navigationAllowSpipeBackWhenHidden.swift */,
			);
			path = FancyScrollView;
			sourceTree = "<group>";
		};
		B1ECCF5A261E01AD00D8F903 /* Models */ = {
			isa = PBXGroup;
			children = (
				367CB761264E933B00ADFC79 /* GridStepItem.swift */,
				367CB760264E933B00ADFC79 /* GridStepResult.swift */,
			);
			path = Models;
			sourceTree = "<group>";
		};
		B952388A181F1A0DD0FFD4BF /* Frameworks */ = {
			isa = PBXGroup;
			children = (
				8A600D4D57ADA58E1BC5B629 /* Pods_MWContentDisplayPluginTests.framework */,
				BFD69425E2A83C0D79005345 /* Pods_MobileWorkflowContentDisplay_MWContentDisplayPlugin.framework */,
			);
			name = Frameworks;
			sourceTree = "<group>";
		};
/* End PBXGroup section */

/* Begin PBXHeadersBuildPhase section */
		628EC397255E9F7A00CD1992 /* Headers */ = {
			isa = PBXHeadersBuildPhase;
			buildActionMask = 2147483647;
			files = (
				628EC3AD255E9F7B00CD1992 /* MWContentDisplayPlugin.h in Headers */,
			);
			runOnlyForDeploymentPostprocessing = 0;
		};
/* End PBXHeadersBuildPhase section */

/* Begin PBXNativeTarget section */
		628EC39B255E9F7A00CD1992 /* MWContentDisplayPlugin */ = {
			isa = PBXNativeTarget;
			buildConfigurationList = 628EC3B0255E9F7B00CD1992 /* Build configuration list for PBXNativeTarget "MWContentDisplayPlugin" */;
			buildPhases = (
				A6DB0550420E891FA449FE11 /* [CP] Check Pods Manifest.lock */,
				628EC397255E9F7A00CD1992 /* Headers */,
				628EC398255E9F7A00CD1992 /* Sources */,
				628EC399255E9F7A00CD1992 /* Frameworks */,
				628EC39A255E9F7A00CD1992 /* Resources */,
			);
			buildRules = (
			);
			dependencies = (
			);
			name = MWContentDisplayPlugin;
			productName = MWVideoGridPlugin;
			productReference = 628EC39C255E9F7A00CD1992 /* MWContentDisplayPlugin.framework */;
			productType = "com.apple.product-type.framework";
		};
		628EC3A4255E9F7B00CD1992 /* MWContentDisplayPluginTests */ = {
			isa = PBXNativeTarget;
			buildConfigurationList = 628EC3B3255E9F7B00CD1992 /* Build configuration list for PBXNativeTarget "MWContentDisplayPluginTests" */;
			buildPhases = (
				602E499CAE04FE88EF0B61EC /* [CP] Check Pods Manifest.lock */,
				628EC3A1255E9F7B00CD1992 /* Sources */,
				628EC3A2255E9F7B00CD1992 /* Frameworks */,
				628EC3A3255E9F7B00CD1992 /* Resources */,
			);
			buildRules = (
			);
			dependencies = (
				628EC3A8255E9F7B00CD1992 /* PBXTargetDependency */,
			);
			name = MWContentDisplayPluginTests;
			productName = MWVideoGridPluginTests;
			productReference = 628EC3A5255E9F7B00CD1992 /* MWContentDisplayPluginTests.xctest */;
			productType = "com.apple.product-type.bundle.unit-test";
		};
/* End PBXNativeTarget section */

/* Begin PBXProject section */
		628EC393255E9F7A00CD1992 /* Project object */ = {
			isa = PBXProject;
			attributes = {
				LastSwiftUpdateCheck = 1210;
				LastUpgradeCheck = 1210;
				TargetAttributes = {
					628EC39B255E9F7A00CD1992 = {
						CreatedOnToolsVersion = 12.1;
						LastSwiftMigration = 1210;
					};
					628EC3A4255E9F7B00CD1992 = {
						CreatedOnToolsVersion = 12.1;
					};
				};
			};
			buildConfigurationList = 628EC396255E9F7A00CD1992 /* Build configuration list for PBXProject "MWContentDisplayPlugin" */;
			compatibilityVersion = "Xcode 9.3";
			developmentRegion = en;
			hasScannedForEncodings = 0;
			knownRegions = (
				en,
				Base,
			);
			mainGroup = 628EC392255E9F7A00CD1992;
			productRefGroup = 628EC39D255E9F7A00CD1992 /* Products */;
			projectDirPath = "";
			projectRoot = "";
			targets = (
				628EC39B255E9F7A00CD1992 /* MWContentDisplayPlugin */,
				628EC3A4255E9F7B00CD1992 /* MWContentDisplayPluginTests */,
			);
		};
/* End PBXProject section */

/* Begin PBXResourcesBuildPhase section */
		628EC39A255E9F7A00CD1992 /* Resources */ = {
			isa = PBXResourcesBuildPhase;
			buildActionMask = 2147483647;
			files = (
			);
			runOnlyForDeploymentPostprocessing = 0;
		};
		628EC3A3255E9F7B00CD1992 /* Resources */ = {
			isa = PBXResourcesBuildPhase;
			buildActionMask = 2147483647;
			files = (
			);
			runOnlyForDeploymentPostprocessing = 0;
		};
/* End PBXResourcesBuildPhase section */

/* Begin PBXShellScriptBuildPhase section */
		602E499CAE04FE88EF0B61EC /* [CP] Check Pods Manifest.lock */ = {
			isa = PBXShellScriptBuildPhase;
			buildActionMask = 2147483647;
			files = (
			);
			inputFileListPaths = (
			);
			inputPaths = (
				"${PODS_PODFILE_DIR_PATH}/Podfile.lock",
				"${PODS_ROOT}/Manifest.lock",
			);
			name = "[CP] Check Pods Manifest.lock";
			outputFileListPaths = (
			);
			outputPaths = (
				"$(DERIVED_FILE_DIR)/Pods-MWContentDisplayPluginTests-checkManifestLockResult.txt",
			);
			runOnlyForDeploymentPostprocessing = 0;
			shellPath = /bin/sh;
			shellScript = "diff \"${PODS_PODFILE_DIR_PATH}/Podfile.lock\" \"${PODS_ROOT}/Manifest.lock\" > /dev/null\nif [ $? != 0 ] ; then\n    # print error to STDERR\n    echo \"error: The sandbox is not in sync with the Podfile.lock. Run 'pod install' or update your CocoaPods installation.\" >&2\n    exit 1\nfi\n# This output is used by Xcode 'outputs' to avoid re-running this script phase.\necho \"SUCCESS\" > \"${SCRIPT_OUTPUT_FILE_0}\"\n";
			showEnvVarsInLog = 0;
		};
		A6DB0550420E891FA449FE11 /* [CP] Check Pods Manifest.lock */ = {
			isa = PBXShellScriptBuildPhase;
			buildActionMask = 2147483647;
			files = (
			);
			inputFileListPaths = (
			);
			inputPaths = (
				"${PODS_PODFILE_DIR_PATH}/Podfile.lock",
				"${PODS_ROOT}/Manifest.lock",
			);
			name = "[CP] Check Pods Manifest.lock";
			outputFileListPaths = (
			);
			outputPaths = (
				"$(DERIVED_FILE_DIR)/Pods-MobileWorkflowContentDisplay-MWContentDisplayPlugin-checkManifestLockResult.txt",
			);
			runOnlyForDeploymentPostprocessing = 0;
			shellPath = /bin/sh;
			shellScript = "diff \"${PODS_PODFILE_DIR_PATH}/Podfile.lock\" \"${PODS_ROOT}/Manifest.lock\" > /dev/null\nif [ $? != 0 ] ; then\n    # print error to STDERR\n    echo \"error: The sandbox is not in sync with the Podfile.lock. Run 'pod install' or update your CocoaPods installation.\" >&2\n    exit 1\nfi\n# This output is used by Xcode 'outputs' to avoid re-running this script phase.\necho \"SUCCESS\" > \"${SCRIPT_OUTPUT_FILE_0}\"\n";
			showEnvVarsInLog = 0;
		};
/* End PBXShellScriptBuildPhase section */

/* Begin PBXSourcesBuildPhase section */
		628EC398255E9F7A00CD1992 /* Sources */ = {
			isa = PBXSourcesBuildPhase;
			buildActionMask = 2147483647;
			files = (
				367CB767264E944400ADFC79 /* MWGridStepViewController.swift in Sources */,
				B1E25432263848400084A44D /* BackButton.swift in Sources */,
				62003DE325629BDE003BC820 /* MWImageCollectionViewCell.swift in Sources */,
				ADE2FB0826EA1B1800468D1F /* MWNetworkContentDisplayStackViewController.swift in Sources */,
				367CB765264E93DF00ADFC79 /* MWNetworkGridStepViewController.swift in Sources */,
				B1E25437263848400084A44D /* ScrollUpHeaderBehavior.swift in Sources */,
				ADE0F1172681CFE9000D6E9D /* CloseButton.swift in Sources */,
				B10F833A261F569D005BAEC3 /* MWStackStepContents.swift in Sources */,
				ADFCCB52268B748400C77FF5 /* MWButtonStyle.swift in Sources */,
				369E9FBF2823DFE0000CDAAC /* MWStackContentScrollView.swift in Sources */,
				B1E25431263848400084A44D /* BlurView.swift in Sources */,
				B1E25438263848400084A44D /* View+navigationAllowSpipeBackWhenHidden.swift in Sources */,
				B1E25436263848400084A44D /* HeaderScrollViewTitle.swift in Sources */,
				ADE2FB0726EA1B1800468D1F /* MWNetworkContentDisplayStackStep.swift in Sources */,
				36F056812823DA5C00C2E6F8 /* MWButtonView.swift in Sources */,
				36F056842823DA5C00C2E6F8 /* MWTextView.swift in Sources */,
				ADE2FB0426EA1B0400468D1F /* MWContentDisplayStackStep.swift in Sources */,
				B10F833E261F574D005BAEC3 /* MWStackView.swift in Sources */,
				367CB763264E933B00ADFC79 /* GridStepItem.swift in Sources */,
				B1E25434263848400084A44D /* HeaderScrollView.swift in Sources */,
				ADE2FB0326EA1B0400468D1F /* MWContentDisplayStackViewController.swift in Sources */,
				62003DE525629BDE003BC820 /* MWGridStep.swift in Sources */,
				36F056832823DA5C00C2E6F8 /* MWListItemView.swift in Sources */,
				B1E25435263848400084A44D /* AppleMusicStyleScrollView.swift in Sources */,
				367CB762264E933B00ADFC79 /* GridStepResult.swift in Sources */,
				B1E2542F263848400084A44D /* FancyScrollView.swift in Sources */,
				36F056852823DA5C00C2E6F8 /* MWSpaceView.swift in Sources */,
				B1E25430263848400084A44D /* ScrollDownHeaderBehavior.swift in Sources */,
				369E9FC12823E169000CDAAC /* MWStackHeaderImageView.swift in Sources */,
				B1E25433263848400084A44D /* View+hideNavigationBarWithoutLosingSwipeBack.swift in Sources */,
				36C18243256BDE0D0044A74B /* MWNetworkGridStep.swift in Sources */,
				36F056822823DA5C00C2E6F8 /* MWTitleView.swift in Sources */,
				62003DE125629BDE003BC820 /* MWSimpleCollectionSectionHeader.swift in Sources */,
				36838691281048C400E1959C /* MWContentDisplayPluginStruct.swift in Sources */,
			);
			runOnlyForDeploymentPostprocessing = 0;
		};
		628EC3A1255E9F7B00CD1992 /* Sources */ = {
			isa = PBXSourcesBuildPhase;
			buildActionMask = 2147483647;
			files = (
				628EC3AB255E9F7B00CD1992 /* MWVideoGridPluginTests.swift in Sources */,
			);
			runOnlyForDeploymentPostprocessing = 0;
		};
/* End PBXSourcesBuildPhase section */

/* Begin PBXTargetDependency section */
		628EC3A8255E9F7B00CD1992 /* PBXTargetDependency */ = {
			isa = PBXTargetDependency;
			target = 628EC39B255E9F7A00CD1992 /* MWContentDisplayPlugin */;
			targetProxy = 628EC3A7255E9F7B00CD1992 /* PBXContainerItemProxy */;
		};
/* End PBXTargetDependency section */

/* Begin XCBuildConfiguration section */
		628EC3AE255E9F7B00CD1992 /* Debug */ = {
			isa = XCBuildConfiguration;
			buildSettings = {
				ALWAYS_SEARCH_USER_PATHS = NO;
				CLANG_ANALYZER_NONNULL = YES;
				CLANG_ANALYZER_NUMBER_OBJECT_CONVERSION = YES_AGGRESSIVE;
				CLANG_CXX_LANGUAGE_STANDARD = "gnu++14";
				CLANG_CXX_LIBRARY = "libc++";
				CLANG_ENABLE_MODULES = YES;
				CLANG_ENABLE_OBJC_ARC = YES;
				CLANG_ENABLE_OBJC_WEAK = YES;
				CLANG_WARN_BLOCK_CAPTURE_AUTORELEASING = YES;
				CLANG_WARN_BOOL_CONVERSION = YES;
				CLANG_WARN_COMMA = YES;
				CLANG_WARN_CONSTANT_CONVERSION = YES;
				CLANG_WARN_DEPRECATED_OBJC_IMPLEMENTATIONS = YES;
				CLANG_WARN_DIRECT_OBJC_ISA_USAGE = YES_ERROR;
				CLANG_WARN_DOCUMENTATION_COMMENTS = YES;
				CLANG_WARN_EMPTY_BODY = YES;
				CLANG_WARN_ENUM_CONVERSION = YES;
				CLANG_WARN_INFINITE_RECURSION = YES;
				CLANG_WARN_INT_CONVERSION = YES;
				CLANG_WARN_NON_LITERAL_NULL_CONVERSION = YES;
				CLANG_WARN_OBJC_IMPLICIT_RETAIN_SELF = YES;
				CLANG_WARN_OBJC_LITERAL_CONVERSION = YES;
				CLANG_WARN_OBJC_ROOT_CLASS = YES_ERROR;
				CLANG_WARN_QUOTED_INCLUDE_IN_FRAMEWORK_HEADER = YES;
				CLANG_WARN_RANGE_LOOP_ANALYSIS = YES;
				CLANG_WARN_STRICT_PROTOTYPES = YES;
				CLANG_WARN_SUSPICIOUS_MOVE = YES;
				CLANG_WARN_UNGUARDED_AVAILABILITY = YES_AGGRESSIVE;
				CLANG_WARN_UNREACHABLE_CODE = YES;
				CLANG_WARN__DUPLICATE_METHOD_MATCH = YES;
				COPY_PHASE_STRIP = NO;
				CURRENT_PROJECT_VERSION = 1;
				DEBUG_INFORMATION_FORMAT = dwarf;
				ENABLE_STRICT_OBJC_MSGSEND = YES;
				ENABLE_TESTABILITY = YES;
				GCC_C_LANGUAGE_STANDARD = gnu11;
				GCC_DYNAMIC_NO_PIC = NO;
				GCC_NO_COMMON_BLOCKS = YES;
				GCC_OPTIMIZATION_LEVEL = 0;
				GCC_PREPROCESSOR_DEFINITIONS = (
					"DEBUG=1",
					"$(inherited)",
				);
				GCC_WARN_64_TO_32_BIT_CONVERSION = YES;
				GCC_WARN_ABOUT_RETURN_TYPE = YES_ERROR;
				GCC_WARN_UNDECLARED_SELECTOR = YES;
				GCC_WARN_UNINITIALIZED_AUTOS = YES_AGGRESSIVE;
				GCC_WARN_UNUSED_FUNCTION = YES;
				GCC_WARN_UNUSED_VARIABLE = YES;
				IPHONEOS_DEPLOYMENT_TARGET = 13.0;
				MTL_ENABLE_DEBUG_INFO = INCLUDE_SOURCE;
				MTL_FAST_MATH = YES;
				ONLY_ACTIVE_ARCH = YES;
				SDKROOT = iphoneos;
				SWIFT_ACTIVE_COMPILATION_CONDITIONS = DEBUG;
				SWIFT_OPTIMIZATION_LEVEL = "-Onone";
				VERSIONING_SYSTEM = "apple-generic";
				VERSION_INFO_PREFIX = "";
			};
			name = Debug;
		};
		628EC3AF255E9F7B00CD1992 /* Release */ = {
			isa = XCBuildConfiguration;
			buildSettings = {
				ALWAYS_SEARCH_USER_PATHS = NO;
				CLANG_ANALYZER_NONNULL = YES;
				CLANG_ANALYZER_NUMBER_OBJECT_CONVERSION = YES_AGGRESSIVE;
				CLANG_CXX_LANGUAGE_STANDARD = "gnu++14";
				CLANG_CXX_LIBRARY = "libc++";
				CLANG_ENABLE_MODULES = YES;
				CLANG_ENABLE_OBJC_ARC = YES;
				CLANG_ENABLE_OBJC_WEAK = YES;
				CLANG_WARN_BLOCK_CAPTURE_AUTORELEASING = YES;
				CLANG_WARN_BOOL_CONVERSION = YES;
				CLANG_WARN_COMMA = YES;
				CLANG_WARN_CONSTANT_CONVERSION = YES;
				CLANG_WARN_DEPRECATED_OBJC_IMPLEMENTATIONS = YES;
				CLANG_WARN_DIRECT_OBJC_ISA_USAGE = YES_ERROR;
				CLANG_WARN_DOCUMENTATION_COMMENTS = YES;
				CLANG_WARN_EMPTY_BODY = YES;
				CLANG_WARN_ENUM_CONVERSION = YES;
				CLANG_WARN_INFINITE_RECURSION = YES;
				CLANG_WARN_INT_CONVERSION = YES;
				CLANG_WARN_NON_LITERAL_NULL_CONVERSION = YES;
				CLANG_WARN_OBJC_IMPLICIT_RETAIN_SELF = YES;
				CLANG_WARN_OBJC_LITERAL_CONVERSION = YES;
				CLANG_WARN_OBJC_ROOT_CLASS = YES_ERROR;
				CLANG_WARN_QUOTED_INCLUDE_IN_FRAMEWORK_HEADER = YES;
				CLANG_WARN_RANGE_LOOP_ANALYSIS = YES;
				CLANG_WARN_STRICT_PROTOTYPES = YES;
				CLANG_WARN_SUSPICIOUS_MOVE = YES;
				CLANG_WARN_UNGUARDED_AVAILABILITY = YES_AGGRESSIVE;
				CLANG_WARN_UNREACHABLE_CODE = YES;
				CLANG_WARN__DUPLICATE_METHOD_MATCH = YES;
				COPY_PHASE_STRIP = NO;
				CURRENT_PROJECT_VERSION = 1;
				DEBUG_INFORMATION_FORMAT = "dwarf-with-dsym";
				ENABLE_NS_ASSERTIONS = NO;
				ENABLE_STRICT_OBJC_MSGSEND = YES;
				GCC_C_LANGUAGE_STANDARD = gnu11;
				GCC_NO_COMMON_BLOCKS = YES;
				GCC_WARN_64_TO_32_BIT_CONVERSION = YES;
				GCC_WARN_ABOUT_RETURN_TYPE = YES_ERROR;
				GCC_WARN_UNDECLARED_SELECTOR = YES;
				GCC_WARN_UNINITIALIZED_AUTOS = YES_AGGRESSIVE;
				GCC_WARN_UNUSED_FUNCTION = YES;
				GCC_WARN_UNUSED_VARIABLE = YES;
				IPHONEOS_DEPLOYMENT_TARGET = 13.0;
				MTL_ENABLE_DEBUG_INFO = NO;
				MTL_FAST_MATH = YES;
				SDKROOT = iphoneos;
				SWIFT_COMPILATION_MODE = wholemodule;
				SWIFT_OPTIMIZATION_LEVEL = "-O";
				VALIDATE_PRODUCT = YES;
				VERSIONING_SYSTEM = "apple-generic";
				VERSION_INFO_PREFIX = "";
			};
			name = Release;
		};
		628EC3B1255E9F7B00CD1992 /* Debug */ = {
			isa = XCBuildConfiguration;
			baseConfigurationReference = BE3145F6D0AF87E7D3564C64 /* Pods-MobileWorkflowContentDisplay-MWContentDisplayPlugin.debug.xcconfig */;
			buildSettings = {
				CLANG_ENABLE_MODULES = YES;
				CODE_SIGN_STYLE = Automatic;
				DEFINES_MODULE = YES;
				DYLIB_COMPATIBILITY_VERSION = 1;
				DYLIB_CURRENT_VERSION = 1;
				DYLIB_INSTALL_NAME_BASE = "@rpath";
				INFOPLIST_FILE = MWContentDisplayPlugin/Info.plist;
				INSTALL_PATH = "$(LOCAL_LIBRARY_DIR)/Frameworks";
				LD_RUNPATH_SEARCH_PATHS = (
					"$(inherited)",
					"@executable_path/Frameworks",
					"@loader_path/Frameworks",
				);
				PRODUCT_BUNDLE_IDENTIFIER = com.futureworkshops.MWContentDisplayPlugin;
				PRODUCT_NAME = "$(TARGET_NAME:c99extidentifier)";
				SKIP_INSTALL = YES;
				SUPPORTS_MACCATALYST = NO;
				SWIFT_OPTIMIZATION_LEVEL = "-Onone";
				SWIFT_VERSION = 5.0;
				TARGETED_DEVICE_FAMILY = 1;
			};
			name = Debug;
		};
		628EC3B2255E9F7B00CD1992 /* Release */ = {
			isa = XCBuildConfiguration;
			baseConfigurationReference = BF9C2C094C9B53F55607259D /* Pods-MobileWorkflowContentDisplay-MWContentDisplayPlugin.release.xcconfig */;
			buildSettings = {
				CLANG_ENABLE_MODULES = YES;
				CODE_SIGN_STYLE = Automatic;
				DEFINES_MODULE = YES;
				DYLIB_COMPATIBILITY_VERSION = 1;
				DYLIB_CURRENT_VERSION = 1;
				DYLIB_INSTALL_NAME_BASE = "@rpath";
				INFOPLIST_FILE = MWContentDisplayPlugin/Info.plist;
				INSTALL_PATH = "$(LOCAL_LIBRARY_DIR)/Frameworks";
				LD_RUNPATH_SEARCH_PATHS = (
					"$(inherited)",
					"@executable_path/Frameworks",
					"@loader_path/Frameworks",
				);
				PRODUCT_BUNDLE_IDENTIFIER = com.futureworkshops.MWContentDisplayPlugin;
				PRODUCT_NAME = "$(TARGET_NAME:c99extidentifier)";
				SKIP_INSTALL = YES;
				SUPPORTS_MACCATALYST = NO;
				SWIFT_VERSION = 5.0;
				TARGETED_DEVICE_FAMILY = 1;
			};
			name = Release;
		};
		628EC3B4255E9F7B00CD1992 /* Debug */ = {
			isa = XCBuildConfiguration;
			baseConfigurationReference = C04248BFBE06A3F50C905A5E /* Pods-MWContentDisplayPluginTests.debug.xcconfig */;
			buildSettings = {
				ALWAYS_EMBED_SWIFT_STANDARD_LIBRARIES = YES;
				CODE_SIGN_STYLE = Automatic;
				INFOPLIST_FILE = MWContentDisplayPluginTests/Info.plist;
				LD_RUNPATH_SEARCH_PATHS = (
					"$(inherited)",
					"@executable_path/Frameworks",
					"@loader_path/Frameworks",
				);
				PRODUCT_BUNDLE_IDENTIFIER = com.futureworkshops.MWContentDisplayPluginTests;
				PRODUCT_NAME = "$(TARGET_NAME)";
				SWIFT_VERSION = 5.0;
				TARGETED_DEVICE_FAMILY = "1,2";
			};
			name = Debug;
		};
		628EC3B5255E9F7B00CD1992 /* Release */ = {
			isa = XCBuildConfiguration;
			baseConfigurationReference = EBA1C3F9D7D53984AB360748 /* Pods-MWContentDisplayPluginTests.release.xcconfig */;
			buildSettings = {
				ALWAYS_EMBED_SWIFT_STANDARD_LIBRARIES = YES;
				CODE_SIGN_STYLE = Automatic;
				INFOPLIST_FILE = MWContentDisplayPluginTests/Info.plist;
				LD_RUNPATH_SEARCH_PATHS = (
					"$(inherited)",
					"@executable_path/Frameworks",
					"@loader_path/Frameworks",
				);
				PRODUCT_BUNDLE_IDENTIFIER = com.futureworkshops.MWContentDisplayPluginTests;
				PRODUCT_NAME = "$(TARGET_NAME)";
				SWIFT_VERSION = 5.0;
				TARGETED_DEVICE_FAMILY = "1,2";
			};
			name = Release;
		};
/* End XCBuildConfiguration section */

/* Begin XCConfigurationList section */
		628EC396255E9F7A00CD1992 /* Build configuration list for PBXProject "MWContentDisplayPlugin" */ = {
			isa = XCConfigurationList;
			buildConfigurations = (
				628EC3AE255E9F7B00CD1992 /* Debug */,
				628EC3AF255E9F7B00CD1992 /* Release */,
			);
			defaultConfigurationIsVisible = 0;
			defaultConfigurationName = Release;
		};
		628EC3B0255E9F7B00CD1992 /* Build configuration list for PBXNativeTarget "MWContentDisplayPlugin" */ = {
			isa = XCConfigurationList;
			buildConfigurations = (
				628EC3B1255E9F7B00CD1992 /* Debug */,
				628EC3B2255E9F7B00CD1992 /* Release */,
			);
			defaultConfigurationIsVisible = 0;
			defaultConfigurationName = Release;
		};
		628EC3B3255E9F7B00CD1992 /* Build configuration list for PBXNativeTarget "MWContentDisplayPluginTests" */ = {
			isa = XCConfigurationList;
			buildConfigurations = (
				628EC3B4255E9F7B00CD1992 /* Debug */,
				628EC3B5255E9F7B00CD1992 /* Release */,
			);
			defaultConfigurationIsVisible = 0;
			defaultConfigurationName = Release;
		};
/* End XCConfigurationList section */
	};
	rootObject = 628EC393255E9F7A00CD1992 /* Project object */;
}
